// !$*UTF8*$!
{
	archiveVersion = 1;
	classes = {
	};
	objectVersion = 77;
	objects = {

/* Begin PBXBuildFile section */
		950B954C2EBE04DF003901B5 /* Filmstock Appicon.icon in Resources */ = {isa = PBXBuildFile; fileRef = 950B954B2EBE04DF003901B5 /* Filmstock Appicon.icon */; };
		950B954D2EBE04DF003901B5 /* Filmstock Appicon.icon in Resources */ = {isa = PBXBuildFile; fileRef = 950B954B2EBE04DF003901B5 /* Filmstock Appicon.icon */; };
		950B974B2EBEB58F003901B5 /* Launch Screen.storyboard in Resources */ = {isa = PBXBuildFile; fileRef = 950B974A2EBEB58F003901B5 /* Launch Screen.storyboard */; };
		950B974C2EBEB58F003901B5 /* Launch Screen.storyboard in Resources */ = {isa = PBXBuildFile; fileRef = 950B974A2EBEB58F003901B5 /* Launch Screen.storyboard */; };
		95DA01DF2EBA296E0040E997 /* WidgetKit.framework in Frameworks */ = {isa = PBXBuildFile; fileRef = 95DA01DE2EBA296E0040E997 /* WidgetKit.framework */; };
		95DA01E12EBA296E0040E997 /* SwiftUI.framework in Frameworks */ = {isa = PBXBuildFile; fileRef = 95DA01E02EBA296E0040E997 /* SwiftUI.framework */; };
		95DA01F02EBA29700040E997 /* FilmStockWidgetExtension.appex in Embed Foundation Extensions */ = {isa = PBXBuildFile; fileRef = 95DA01DC2EBA296E0040E997 /* FilmStockWidgetExtension.appex */; settings = {ATTRIBUTES = (RemoveHeadersOnCopy, ); }; };
/* End PBXBuildFile section */

/* Begin PBXContainerItemProxy section */
		95DA01EE2EBA29700040E997 /* PBXContainerItemProxy */ = {
			isa = PBXContainerItemProxy;
			containerPortal = 95D20FAF2EB901CB00EF7348 /* Project object */;
			proxyType = 1;
			remoteGlobalIDString = 95DA01DB2EBA296E0040E997;
			remoteInfo = FilmStockWidgetExtension;
		};
/* End PBXContainerItemProxy section */

/* Begin PBXCopyFilesBuildPhase section */
		95DA01F52EBA29700040E997 /* Embed Foundation Extensions */ = {
			isa = PBXCopyFilesBuildPhase;
			buildActionMask = 2147483647;
			dstPath = "";
			dstSubfolderSpec = 13;
			files = (
				95DA01F02EBA29700040E997 /* FilmStockWidgetExtension.appex in Embed Foundation Extensions */,
			);
			name = "Embed Foundation Extensions";
			runOnlyForDeploymentPostprocessing = 0;
		};
/* End PBXCopyFilesBuildPhase section */

/* Begin PBXFileReference section */
		950B954B2EBE04DF003901B5 /* Filmstock Appicon.icon */ = {isa = PBXFileReference; lastKnownFileType = folder.iconcomposer.icon; path = "Filmstock Appicon.icon"; sourceTree = "<group>"; };
		950B974A2EBEB58F003901B5 /* Launch Screen.storyboard */ = {isa = PBXFileReference; lastKnownFileType = file.storyboard; path = "Launch Screen.storyboard"; sourceTree = "<group>"; };
		95D20FB72EB901CB00EF7348 /* FilmStock.app */ = {isa = PBXFileReference; explicitFileType = wrapper.application; includeInIndex = 0; path = FilmStock.app; sourceTree = BUILT_PRODUCTS_DIR; };
		95DA01DC2EBA296E0040E997 /* FilmStockWidgetExtension.appex */ = {isa = PBXFileReference; explicitFileType = "wrapper.app-extension"; includeInIndex = 0; path = FilmStockWidgetExtension.appex; sourceTree = BUILT_PRODUCTS_DIR; };
		95DA01DE2EBA296E0040E997 /* WidgetKit.framework */ = {isa = PBXFileReference; lastKnownFileType = wrapper.framework; name = WidgetKit.framework; path = System/Library/Frameworks/WidgetKit.framework; sourceTree = SDKROOT; };
		95DA01E02EBA296E0040E997 /* SwiftUI.framework */ = {isa = PBXFileReference; lastKnownFileType = wrapper.framework; name = SwiftUI.framework; path = System/Library/Frameworks/SwiftUI.framework; sourceTree = SDKROOT; };
		95DA05F82EBA3B910040E997 /* FilmStockWidgetExtension.entitlements */ = {isa = PBXFileReference; lastKnownFileType = text.plist.entitlements; path = FilmStockWidgetExtension.entitlements; sourceTree = "<group>"; };
/* End PBXFileReference section */

/* Begin PBXFileSystemSynchronizedBuildFileExceptionSet section */
		95DA01F12EBA29700040E997 /* Exceptions for "FilmStockWidget" folder in "FilmStockWidgetExtension" target */ = {
			isa = PBXFileSystemSynchronizedBuildFileExceptionSet;
			membershipExceptions = (
				Info.plist,
			);
			target = 95DA01DB2EBA296E0040E997 /* FilmStockWidgetExtension */;
		};
		95DA01FE2EBA2B8D0040E997 /* Exceptions for "FilmStock" folder in "FilmStockWidgetExtension" target */ = {
			isa = PBXFileSystemSynchronizedBuildFileExceptionSet;
			membershipExceptions = (
				"/Localized: Localizable.strings",
				images/agfa_apx100.png,
				images/agfa_apx400.png,
				images/cinestill_50d.png,
				images/cinestill_400d.png,
				images/cinestill_800t.png,
				images/foma_fomapan100.png,
				images/foma_fomapan200.png,
				images/foma_fomapan400.png,
				images/foma_fomapanr.png,
				images/foma_ortho400.png,
				images/fujifilm_200.png,
				images/fujifilm_400.png,
				images/fujifilm_Acros.png,
				images/fujifilm_c200.png,
				images/fujifilm_Neopan400.png,
				images/fujifilm_Neopan1600.png,
				images/fujifilm_nps160.png,
				images/fujifilm_pro160c.png,
				images/fujifilm_pro160ns.png,
				images/fujifilm_pro160s.png,
				images/fujifilm_Pro400h.png,
				images/fujifilm_provia100f.png,
				images/fujifilm_provia400f.png,
				images/fujifilm_velvia50.png,
				images/fujifilm_velvia100.png,
				images/ilford_delta100.png,
				images/ilford_delta400.png,
				images/ilford_delta3200.png,
				images/ilford_fp4.png,
				images/ilford_hp5.png,
				images/ilford_ortho80.png,
				images/ilford_panf.png,
				images/ilford_sfx200.png,
				images/ilford_xp2.png,
				images/kentmere_pan100.png,
				images/kentmere_pan200.png,
				images/kentmere_pan400.png,
				images/kodak_50D.png,
				images/kodak_200T.png,
				images/kodak_250D.png,
				images/kodak_500T.png,
				images/kodak_Colorplus.png,
				images/kodak_DoubleX.png,
				images/kodak_Ektachrome64T.png,
				images/kodak_Ektachrome100.png,
				images/kodak_Ektachrome100Plus.png,
				images/kodak_Ektachrome160T.png,
				images/kodak_Ektachrome200.png,
				images/kodak_Ektachrome320T.png,
				images/kodak_Ektachrome400.png,
				images/kodak_Ektar100.png,
				images/kodak_Gold.png,
				images/kodak_PlusX.png,
				images/kodak_Portra100T.png,
				images/kodak_Portra160.png,
				images/kodak_Portra160NC.png,
				images/kodak_Portra160VC.png,
				images/kodak_Portra400.png,
				images/kodak_Portra400NC.png,
				images/kodak_Portra400VC.png,
				images/kodak_Portra800.png,
				images/kodak_TechnicalPan.png,
				images/kodak_TMax100.png,
				images/kodak_TMax400.png,
				images/kodak_TMax3200.png,
				images/kodak_TriX320.png,
				images/kodak_TriX400.png,
				images/kodak_ultramax.png,
				images/rollei_infrared.png,
				images/rollei_ortho25plus.png,
				images/rollei_retro80s.png,
				images/rollei_retro400s.png,
				images/rollei_rpx25.png,
				images/rollei_rpx100.png,
				images/rollei_rpx400.png,
				Models/FilmDataModel.swift,
				Models/FilmStock.swift,
			);
			target = 95DA01DB2EBA296E0040E997 /* FilmStockWidgetExtension */;
		};
/* End PBXFileSystemSynchronizedBuildFileExceptionSet section */

/* Begin PBXFileSystemSynchronizedRootGroup section */
		95D20FB92EB901CB00EF7348 /* FilmStock */ = {
			isa = PBXFileSystemSynchronizedRootGroup;
			exceptions = (
				95DA01FE2EBA2B8D0040E997 /* Exceptions for "FilmStock" folder in "FilmStockWidgetExtension" target */,
			);
			path = FilmStock;
			sourceTree = "<group>";
		};
		95DA01E22EBA296E0040E997 /* FilmStockWidget */ = {
			isa = PBXFileSystemSynchronizedRootGroup;
			exceptions = (
				95DA01F12EBA29700040E997 /* Exceptions for "FilmStockWidget" folder in "FilmStockWidgetExtension" target */,
			);
			path = FilmStockWidget;
			sourceTree = "<group>";
		};
/* End PBXFileSystemSynchronizedRootGroup section */

/* Begin PBXFrameworksBuildPhase section */
		95D20FB42EB901CB00EF7348 /* Frameworks */ = {
			isa = PBXFrameworksBuildPhase;
			buildActionMask = 2147483647;
			files = (
			);
			runOnlyForDeploymentPostprocessing = 0;
		};
		95DA01D92EBA296E0040E997 /* Frameworks */ = {
			isa = PBXFrameworksBuildPhase;
			buildActionMask = 2147483647;
			files = (
				95DA01E12EBA296E0040E997 /* SwiftUI.framework in Frameworks */,
				95DA01DF2EBA296E0040E997 /* WidgetKit.framework in Frameworks */,
			);
			runOnlyForDeploymentPostprocessing = 0;
		};
/* End PBXFrameworksBuildPhase section */

/* Begin PBXGroup section */
		95D20FAE2EB901CB00EF7348 = {
			isa = PBXGroup;
			children = (
				950B974A2EBEB58F003901B5 /* Launch Screen.storyboard */,
				950B954B2EBE04DF003901B5 /* Filmstock Appicon.icon */,
				95DA05F82EBA3B910040E997 /* FilmStockWidgetExtension.entitlements */,
				95D20FB92EB901CB00EF7348 /* FilmStock */,
				95DA01E22EBA296E0040E997 /* FilmStockWidget */,
				95DA01DD2EBA296E0040E997 /* Frameworks */,
				95D20FB82EB901CB00EF7348 /* Products */,
			);
			sourceTree = "<group>";
		};
		95D20FB82EB901CB00EF7348 /* Products */ = {
			isa = PBXGroup;
			children = (
				95D20FB72EB901CB00EF7348 /* FilmStock.app */,
				95DA01DC2EBA296E0040E997 /* FilmStockWidgetExtension.appex */,
			);
			name = Products;
			sourceTree = "<group>";
		};
		95DA01DD2EBA296E0040E997 /* Frameworks */ = {
			isa = PBXGroup;
			children = (
				95DA01DE2EBA296E0040E997 /* WidgetKit.framework */,
				95DA01E02EBA296E0040E997 /* SwiftUI.framework */,
			);
			name = Frameworks;
			sourceTree = "<group>";
		};
/* End PBXGroup section */

/* Begin PBXNativeTarget section */
		95D20FB62EB901CB00EF7348 /* FilmStock */ = {
			isa = PBXNativeTarget;
			buildConfigurationList = 95D20FC22EB901CB00EF7348 /* Build configuration list for PBXNativeTarget "FilmStock" */;
			buildPhases = (
				95D20FB32EB901CB00EF7348 /* Sources */,
				95D20FB42EB901CB00EF7348 /* Frameworks */,
				95D20FB52EB901CB00EF7348 /* Resources */,
				95DA01F52EBA29700040E997 /* Embed Foundation Extensions */,
			);
			buildRules = (
			);
			dependencies = (
				95DA01EF2EBA29700040E997 /* PBXTargetDependency */,
			);
			fileSystemSynchronizedGroups = (
				95D20FB92EB901CB00EF7348 /* FilmStock */,
			);
			name = FilmStock;
			packageProductDependencies = (
			);
			productName = FilmStock;
			productReference = 95D20FB72EB901CB00EF7348 /* FilmStock.app */;
			productType = "com.apple.product-type.application";
		};
		95DA01DB2EBA296E0040E997 /* FilmStockWidgetExtension */ = {
			isa = PBXNativeTarget;
			buildConfigurationList = 95DA01F22EBA29700040E997 /* Build configuration list for PBXNativeTarget "FilmStockWidgetExtension" */;
			buildPhases = (
				95DA01D82EBA296E0040E997 /* Sources */,
				95DA01D92EBA296E0040E997 /* Frameworks */,
				95DA01DA2EBA296E0040E997 /* Resources */,
			);
			buildRules = (
			);
			dependencies = (
			);
			fileSystemSynchronizedGroups = (
				95DA01E22EBA296E0040E997 /* FilmStockWidget */,
			);
			name = FilmStockWidgetExtension;
			packageProductDependencies = (
			);
			productName = FilmStockWidgetExtension;
			productReference = 95DA01DC2EBA296E0040E997 /* FilmStockWidgetExtension.appex */;
			productType = "com.apple.product-type.app-extension";
		};
/* End PBXNativeTarget section */

/* Begin PBXProject section */
		95D20FAF2EB901CB00EF7348 /* Project object */ = {
			isa = PBXProject;
			attributes = {
				BuildIndependentTargetsInParallel = 1;
				LastSwiftUpdateCheck = 2600;
				LastUpgradeCheck = 2600;
				TargetAttributes = {
					95D20FB62EB901CB00EF7348 = {
						CreatedOnToolsVersion = 26.0.1;
						LastSwiftMigration = 2600;
					};
					95DA01DB2EBA296E0040E997 = {
						CreatedOnToolsVersion = 26.0.1;
					};
				};
			};
			buildConfigurationList = 95D20FB22EB901CB00EF7348 /* Build configuration list for PBXProject "FilmStock" */;
			developmentRegion = en;
			hasScannedForEncodings = 0;
			knownRegions = (
				en,
				Base,
				de,
				fr,
				ja,
				es,
				no,
				nb,
				pl,
			);
			mainGroup = 95D20FAE2EB901CB00EF7348;
			minimizedProjectReferenceProxies = 1;
			preferredProjectObjectVersion = 77;
			productRefGroup = 95D20FB82EB901CB00EF7348 /* Products */;
			projectDirPath = "";
			projectRoot = "";
			targets = (
				95D20FB62EB901CB00EF7348 /* FilmStock */,
				95DA01DB2EBA296E0040E997 /* FilmStockWidgetExtension */,
			);
		};
/* End PBXProject section */

/* Begin PBXResourcesBuildPhase section */
		95D20FB52EB901CB00EF7348 /* Resources */ = {
			isa = PBXResourcesBuildPhase;
			buildActionMask = 2147483647;
			files = (
				950B974C2EBEB58F003901B5 /* Launch Screen.storyboard in Resources */,
				950B954C2EBE04DF003901B5 /* Filmstock Appicon.icon in Resources */,
			);
			runOnlyForDeploymentPostprocessing = 0;
		};
		95DA01DA2EBA296E0040E997 /* Resources */ = {
			isa = PBXResourcesBuildPhase;
			buildActionMask = 2147483647;
			files = (
				950B954D2EBE04DF003901B5 /* Filmstock Appicon.icon in Resources */,
				950B974B2EBEB58F003901B5 /* Launch Screen.storyboard in Resources */,
			);
			runOnlyForDeploymentPostprocessing = 0;
		};
/* End PBXResourcesBuildPhase section */

/* Begin PBXSourcesBuildPhase section */
		95D20FB32EB901CB00EF7348 /* Sources */ = {
			isa = PBXSourcesBuildPhase;
			buildActionMask = 2147483647;
			files = (
			);
			runOnlyForDeploymentPostprocessing = 0;
		};
		95DA01D82EBA296E0040E997 /* Sources */ = {
			isa = PBXSourcesBuildPhase;
			buildActionMask = 2147483647;
			files = (
			);
			runOnlyForDeploymentPostprocessing = 0;
		};
/* End PBXSourcesBuildPhase section */

/* Begin PBXTargetDependency section */
		95DA01EF2EBA29700040E997 /* PBXTargetDependency */ = {
			isa = PBXTargetDependency;
			target = 95DA01DB2EBA296E0040E997 /* FilmStockWidgetExtension */;
			targetProxy = 95DA01EE2EBA29700040E997 /* PBXContainerItemProxy */;
		};
/* End PBXTargetDependency section */

/* Begin XCBuildConfiguration section */
		95D20FC02EB901CB00EF7348 /* Debug */ = {
			isa = XCBuildConfiguration;
			buildSettings = {
				ALWAYS_SEARCH_USER_PATHS = NO;
				ASSETCATALOG_COMPILER_GENERATE_SWIFT_ASSET_SYMBOL_EXTENSIONS = YES;
				CLANG_ANALYZER_NONNULL = YES;
				CLANG_ANALYZER_NUMBER_OBJECT_CONVERSION = YES_AGGRESSIVE;
				CLANG_CXX_LANGUAGE_STANDARD = "gnu++20";
				CLANG_ENABLE_MODULES = YES;
				CLANG_ENABLE_OBJC_ARC = YES;
				CLANG_ENABLE_OBJC_WEAK = YES;
				CLANG_WARN_BLOCK_CAPTURE_AUTORELEASING = YES;
				CLANG_WARN_BOOL_CONVERSION = YES;
				CLANG_WARN_COMMA = YES;
				CLANG_WARN_CONSTANT_CONVERSION = YES;
				CLANG_WARN_DEPRECATED_OBJC_IMPLEMENTATIONS = YES;
				CLANG_WARN_DIRECT_OBJC_ISA_USAGE = YES_ERROR;
				CLANG_WARN_DOCUMENTATION_COMMENTS = YES;
				CLANG_WARN_EMPTY_BODY = YES;
				CLANG_WARN_ENUM_CONVERSION = YES;
				CLANG_WARN_INFINITE_RECURSION = YES;
				CLANG_WARN_INT_CONVERSION = YES;
				CLANG_WARN_NON_LITERAL_NULL_CONVERSION = YES;
				CLANG_WARN_OBJC_IMPLICIT_RETAIN_SELF = YES;
				CLANG_WARN_OBJC_LITERAL_CONVERSION = YES;
				CLANG_WARN_OBJC_ROOT_CLASS = YES_ERROR;
				CLANG_WARN_QUOTED_INCLUDE_IN_FRAMEWORK_HEADER = YES;
				CLANG_WARN_RANGE_LOOP_ANALYSIS = YES;
				CLANG_WARN_STRICT_PROTOTYPES = YES;
				CLANG_WARN_SUSPICIOUS_MOVE = YES;
				CLANG_WARN_UNGUARDED_AVAILABILITY = YES_AGGRESSIVE;
				CLANG_WARN_UNREACHABLE_CODE = YES;
				CLANG_WARN__DUPLICATE_METHOD_MATCH = YES;
				COPY_PHASE_STRIP = NO;
				DEBUG_INFORMATION_FORMAT = dwarf;
				ENABLE_STRICT_OBJC_MSGSEND = YES;
				ENABLE_TESTABILITY = YES;
				ENABLE_USER_SCRIPT_SANDBOXING = YES;
				GCC_C_LANGUAGE_STANDARD = gnu17;
				GCC_DYNAMIC_NO_PIC = NO;
				GCC_NO_COMMON_BLOCKS = YES;
				GCC_OPTIMIZATION_LEVEL = 0;
				GCC_PREPROCESSOR_DEFINITIONS = (
					"DEBUG=1",
					"$(inherited)",
				);
				GCC_WARN_64_TO_32_BIT_CONVERSION = YES;
				GCC_WARN_ABOUT_RETURN_TYPE = YES_ERROR;
				GCC_WARN_UNDECLARED_SELECTOR = YES;
				GCC_WARN_UNINITIALIZED_AUTOS = YES_AGGRESSIVE;
				GCC_WARN_UNUSED_FUNCTION = YES;
				GCC_WARN_UNUSED_VARIABLE = YES;
				IPHONEOS_DEPLOYMENT_TARGET = 26.0;
				LOCALIZATION_PREFERS_STRING_CATALOGS = YES;
				MTL_ENABLE_DEBUG_INFO = INCLUDE_SOURCE;
				MTL_FAST_MATH = YES;
				ONLY_ACTIVE_ARCH = YES;
				SDKROOT = iphoneos;
				SWIFT_ACTIVE_COMPILATION_CONDITIONS = "DEBUG $(inherited)";
				SWIFT_OPTIMIZATION_LEVEL = "-Onone";
			};
			name = Debug;
		};
		95D20FC12EB901CB00EF7348 /* Release */ = {
			isa = XCBuildConfiguration;
			buildSettings = {
				ALWAYS_SEARCH_USER_PATHS = NO;
				ASSETCATALOG_COMPILER_GENERATE_SWIFT_ASSET_SYMBOL_EXTENSIONS = YES;
				CLANG_ANALYZER_NONNULL = YES;
				CLANG_ANALYZER_NUMBER_OBJECT_CONVERSION = YES_AGGRESSIVE;
				CLANG_CXX_LANGUAGE_STANDARD = "gnu++20";
				CLANG_ENABLE_MODULES = YES;
				CLANG_ENABLE_OBJC_ARC = YES;
				CLANG_ENABLE_OBJC_WEAK = YES;
				CLANG_WARN_BLOCK_CAPTURE_AUTORELEASING = YES;
				CLANG_WARN_BOOL_CONVERSION = YES;
				CLANG_WARN_COMMA = YES;
				CLANG_WARN_CONSTANT_CONVERSION = YES;
				CLANG_WARN_DEPRECATED_OBJC_IMPLEMENTATIONS = YES;
				CLANG_WARN_DIRECT_OBJC_ISA_USAGE = YES_ERROR;
				CLANG_WARN_DOCUMENTATION_COMMENTS = YES;
				CLANG_WARN_EMPTY_BODY = YES;
				CLANG_WARN_ENUM_CONVERSION = YES;
				CLANG_WARN_INFINITE_RECURSION = YES;
				CLANG_WARN_INT_CONVERSION = YES;
				CLANG_WARN_NON_LITERAL_NULL_CONVERSION = YES;
				CLANG_WARN_OBJC_IMPLICIT_RETAIN_SELF = YES;
				CLANG_WARN_OBJC_LITERAL_CONVERSION = YES;
				CLANG_WARN_OBJC_ROOT_CLASS = YES_ERROR;
				CLANG_WARN_QUOTED_INCLUDE_IN_FRAMEWORK_HEADER = YES;
				CLANG_WARN_RANGE_LOOP_ANALYSIS = YES;
				CLANG_WARN_STRICT_PROTOTYPES = YES;
				CLANG_WARN_SUSPICIOUS_MOVE = YES;
				CLANG_WARN_UNGUARDED_AVAILABILITY = YES_AGGRESSIVE;
				CLANG_WARN_UNREACHABLE_CODE = YES;
				CLANG_WARN__DUPLICATE_METHOD_MATCH = YES;
				COPY_PHASE_STRIP = NO;
				DEBUG_INFORMATION_FORMAT = "dwarf-with-dsym";
				ENABLE_NS_ASSERTIONS = NO;
				ENABLE_STRICT_OBJC_MSGSEND = YES;
				ENABLE_USER_SCRIPT_SANDBOXING = YES;
				GCC_C_LANGUAGE_STANDARD = gnu17;
				GCC_NO_COMMON_BLOCKS = YES;
				GCC_WARN_64_TO_32_BIT_CONVERSION = YES;
				GCC_WARN_ABOUT_RETURN_TYPE = YES_ERROR;
				GCC_WARN_UNDECLARED_SELECTOR = YES;
				GCC_WARN_UNINITIALIZED_AUTOS = YES_AGGRESSIVE;
				GCC_WARN_UNUSED_FUNCTION = YES;
				GCC_WARN_UNUSED_VARIABLE = YES;
				IPHONEOS_DEPLOYMENT_TARGET = 26.0;
				LOCALIZATION_PREFERS_STRING_CATALOGS = YES;
				MTL_ENABLE_DEBUG_INFO = NO;
				MTL_FAST_MATH = YES;
				SDKROOT = iphoneos;
				SWIFT_COMPILATION_MODE = wholemodule;
				VALIDATE_PRODUCT = YES;
			};
			name = Release;
		};
		95D20FC32EB901CB00EF7348 /* Debug */ = {
			isa = XCBuildConfiguration;
			buildSettings = {
				ASSETCATALOG_COMPILER_APPICON_NAME = "Filmstock Appicon";
				ASSETCATALOG_COMPILER_GLOBAL_ACCENT_COLOR_NAME = AccentColor;
				ASSETCATALOG_COMPILER_INCLUDE_ALL_APPICON_ASSETS = NO;
				CLANG_ENABLE_MODULES = YES;
				CODE_SIGN_ENTITLEMENTS = FilmStock/FilmStock.entitlements;
				CODE_SIGN_STYLE = Automatic;
				CURRENT_PROJECT_VERSION = 1;
				DEVELOPMENT_TEAM = K29M267J26;
				ENABLE_PREVIEWS = YES;
				GENERATE_INFOPLIST_FILE = YES;
				INFOPLIST_KEY_CFBundleDisplayName = FilmStock;
				INFOPLIST_KEY_LSApplicationCategoryType = "public.app-category.photography";
				INFOPLIST_KEY_NSCameraUsageDescription = "FilmStock needs camera access to take photos of your film reminder cards";
				INFOPLIST_KEY_UIApplicationSceneManifest_Generation = YES;
				INFOPLIST_KEY_UIApplicationSupportsIndirectInputEvents = YES;
				INFOPLIST_KEY_UILaunchScreen_Generation = YES;
				INFOPLIST_KEY_UIStatusBarStyle = "";
				INFOPLIST_KEY_UISupportedInterfaceOrientations = "UIInterfaceOrientationLandscapeLeft UIInterfaceOrientationLandscapeRight UIInterfaceOrientationPortrait UIInterfaceOrientationPortraitUpsideDown";
				IPHONEOS_DEPLOYMENT_TARGET = 17.0;
				LD_RUNPATH_SEARCH_PATHS = (
					"$(inherited)",
					"@executable_path/Frameworks",
				);
				MARKETING_VERSION = 1.0;
				PRODUCT_BUNDLE_IDENTIFIER = app.halbe.no.FilmStock;
				PRODUCT_NAME = "$(TARGET_NAME)";
				STRING_CATALOG_GENERATE_SYMBOLS = YES;
				SWIFT_APPROACHABLE_CONCURRENCY = YES;
				SWIFT_DEFAULT_ACTOR_ISOLATION = MainActor;
				SWIFT_EMIT_LOC_STRINGS = YES;
				SWIFT_OPTIMIZATION_LEVEL = "-Onone";
				SWIFT_UPCOMING_FEATURE_MEMBER_IMPORT_VISIBILITY = YES;
				SWIFT_VERSION = 5.0;
				TARGETED_DEVICE_FAMILY = "1,2";
			};
			name = Debug;
		};
		95D20FC42EB901CB00EF7348 /* Release */ = {
			isa = XCBuildConfiguration;
			buildSettings = {
				ASSETCATALOG_COMPILER_APPICON_NAME = "Filmstock Appicon";
				ASSETCATALOG_COMPILER_GLOBAL_ACCENT_COLOR_NAME = AccentColor;
				ASSETCATALOG_COMPILER_INCLUDE_ALL_APPICON_ASSETS = NO;
				CLANG_ENABLE_MODULES = YES;
				CODE_SIGN_ENTITLEMENTS = FilmStock/FilmStock.entitlements;
				CODE_SIGN_STYLE = Automatic;
				CURRENT_PROJECT_VERSION = 1;
				DEVELOPMENT_TEAM = K29M267J26;
				ENABLE_PREVIEWS = YES;
				GENERATE_INFOPLIST_FILE = YES;
				INFOPLIST_KEY_CFBundleDisplayName = FilmStock;
				INFOPLIST_KEY_LSApplicationCategoryType = "public.app-category.photography";
				INFOPLIST_KEY_NSCameraUsageDescription = "FilmStock needs camera access to take photos of your film reminder cards";
				INFOPLIST_KEY_UIApplicationSceneManifest_Generation = YES;
				INFOPLIST_KEY_UIApplicationSupportsIndirectInputEvents = YES;
				INFOPLIST_KEY_UILaunchScreen_Generation = YES;
				INFOPLIST_KEY_UIStatusBarStyle = "";
				INFOPLIST_KEY_UISupportedInterfaceOrientations = "UIInterfaceOrientationLandscapeLeft UIInterfaceOrientationLandscapeRight UIInterfaceOrientationPortrait UIInterfaceOrientationPortraitUpsideDown";
				IPHONEOS_DEPLOYMENT_TARGET = 17.0;
				LD_RUNPATH_SEARCH_PATHS = (
					"$(inherited)",
					"@executable_path/Frameworks",
				);
				MARKETING_VERSION = 1.0;
				PRODUCT_BUNDLE_IDENTIFIER = app.halbe.no.FilmStock;
				PRODUCT_NAME = "$(TARGET_NAME)";
				STRING_CATALOG_GENERATE_SYMBOLS = YES;
				SWIFT_APPROACHABLE_CONCURRENCY = YES;
				SWIFT_DEFAULT_ACTOR_ISOLATION = MainActor;
				SWIFT_EMIT_LOC_STRINGS = YES;
				SWIFT_UPCOMING_FEATURE_MEMBER_IMPORT_VISIBILITY = YES;
				SWIFT_VERSION = 5.0;
				TARGETED_DEVICE_FAMILY = "1,2";
			};
			name = Release;
		};
		95DA01F32EBA29700040E997 /* Debug */ = {
			isa = XCBuildConfiguration;
			buildSettings = {
				ASSETCATALOG_COMPILER_GLOBAL_ACCENT_COLOR_NAME = AccentColor;
				ASSETCATALOG_COMPILER_WIDGET_BACKGROUND_COLOR_NAME = WidgetBackground;
				CODE_SIGN_ENTITLEMENTS = FilmStockWidgetExtension.entitlements;
				CODE_SIGN_STYLE = Automatic;
				CURRENT_PROJECT_VERSION = 1;
				DEVELOPMENT_TEAM = K29M267J26;
				GENERATE_INFOPLIST_FILE = YES;
				INFOPLIST_FILE = FilmStockWidget/Info.plist;
				INFOPLIST_KEY_CFBundleDisplayName = FilmStockWidget;
				INFOPLIST_KEY_NSHumanReadableCopyright = "Copyright © 2024 Jonas Halbe. All rights reserved.";
				LD_RUNPATH_SEARCH_PATHS = (
					"$(inherited)",
					"@executable_path/Frameworks",
					"@executable_path/../../Frameworks",
				);
				MARKETING_VERSION = 1.0;
				PRODUCT_BUNDLE_IDENTIFIER = app.halbe.no.FilmStock.FilmStockWidget;
				PRODUCT_NAME = "$(TARGET_NAME)";
				SKIP_INSTALL = YES;
				STRING_CATALOG_GENERATE_SYMBOLS = YES;
				SWIFT_APPROACHABLE_CONCURRENCY = YES;
				SWIFT_EMIT_LOC_STRINGS = YES;
				SWIFT_UPCOMING_FEATURE_MEMBER_IMPORT_VISIBILITY = YES;
				SWIFT_VERSION = 5.0;
				TARGETED_DEVICE_FAMILY = "1,2";
			};
			name = Debug;
		};
		95DA01F42EBA29700040E997 /* Release */ = {
			isa = XCBuildConfiguration;
			buildSettings = {
				ASSETCATALOG_COMPILER_GLOBAL_ACCENT_COLOR_NAME = AccentColor;
				ASSETCATALOG_COMPILER_WIDGET_BACKGROUND_COLOR_NAME = WidgetBackground;
				CODE_SIGN_ENTITLEMENTS = FilmStockWidgetExtension.entitlements;
				CODE_SIGN_STYLE = Automatic;
				CURRENT_PROJECT_VERSION = 1;
				DEVELOPMENT_TEAM = K29M267J26;
				GENERATE_INFOPLIST_FILE = YES;
				INFOPLIST_FILE = FilmStockWidget/Info.plist;
				INFOPLIST_KEY_CFBundleDisplayName = FilmStockWidget;
				INFOPLIST_KEY_NSHumanReadableCopyright = "Copyright © 2024 Jonas Halbe. All rights reserved.";
				LD_RUNPATH_SEARCH_PATHS = (
					"$(inherited)",
					"@executable_path/Frameworks",
					"@executable_path/../../Frameworks",
				);
				MARKETING_VERSION = 1.0;
				PRODUCT_BUNDLE_IDENTIFIER = app.halbe.no.FilmStock.FilmStockWidget;
				PRODUCT_NAME = "$(TARGET_NAME)";
				SKIP_INSTALL = YES;
				STRING_CATALOG_GENERATE_SYMBOLS = YES;
				SWIFT_APPROACHABLE_CONCURRENCY = YES;
				SWIFT_EMIT_LOC_STRINGS = YES;
				SWIFT_UPCOMING_FEATURE_MEMBER_IMPORT_VISIBILITY = YES;
				SWIFT_VERSION = 5.0;
				TARGETED_DEVICE_FAMILY = "1,2";
			};
			name = Release;
		};
/* End XCBuildConfiguration section */

/* Begin XCConfigurationList section */
		95D20FB22EB901CB00EF7348 /* Build configuration list for PBXProject "FilmStock" */ = {
			isa = XCConfigurationList;
			buildConfigurations = (
				95D20FC02EB901CB00EF7348 /* Debug */,
				95D20FC12EB901CB00EF7348 /* Release */,
			);
			defaultConfigurationIsVisible = 0;
			defaultConfigurationName = Release;
		};
		95D20FC22EB901CB00EF7348 /* Build configuration list for PBXNativeTarget "FilmStock" */ = {
			isa = XCConfigurationList;
			buildConfigurations = (
				95D20FC32EB901CB00EF7348 /* Debug */,
				95D20FC42EB901CB00EF7348 /* Release */,
			);
			defaultConfigurationIsVisible = 0;
			defaultConfigurationName = Release;
		};
		95DA01F22EBA29700040E997 /* Build configuration list for PBXNativeTarget "FilmStockWidgetExtension" */ = {
			isa = XCConfigurationList;
			buildConfigurations = (
				95DA01F32EBA29700040E997 /* Debug */,
				95DA01F42EBA29700040E997 /* Release */,
			);
			defaultConfigurationIsVisible = 0;
			defaultConfigurationName = Release;
		};
/* End XCConfigurationList section */
	};
	rootObject = 95D20FAF2EB901CB00EF7348 /* Project object */;
}
